
Microsoft Visual Studio Solution File, Format Version 12.00
# Visual Studio Version 16
VisualStudioVersion = 16.0.0.0
MinimumVisualStudioVersion = 16.0.0.0
Project("{9A19103F-16F7-4668-BE54-9A1E7A4F7556}") = "Gatekeeper.Analytics", "Gatekeeper.Analytics\Gatekeeper.Analytics.csproj", "{81083C57-D40C-4C44-8EF5-8FBD375200C8}"
EndProject
Project("{9A19103F-16F7-4668-BE54-9A1E7A4F7556}") = "Gatekeeper.Analytics.Client", "Gatekeeper.Analytics.Client\Gatekeeper.Analytics.Client.csproj", "{A2C53474-0776-4C49-B1F0-30C2616C7AEC}"
EndProject
Project("{FAE04EC0-301F-11D3-BF4B-00C04F79EFBC}") = "Gatekeeper.Auth", "Gatekeeper.Auth\Gatekeeper.Auth.csproj", "{DA1F0CDA-3234-4DCC-A04A-9B05D8E164C6}"
EndProject
Project("{FAE04EC0-301F-11D3-BF4B-00C04F79EFBC}") = "Gatekeeper.Auth.Tests", "Gatekeeper.Auth.Tests\Gatekeeper.Auth.Tests.csproj", "{BDC17A9E-6267-42D1-ABD0-C6656D34E47E}"
EndProject
Project("{FAE04EC0-301F-11D3-BF4B-00C04F79EFBC}") = "Gatekeeper.Demo", "Gatekeeper.Demo\Gatekeeper.Demo.csproj", "{8D9557F8-8FBE-4823-AA8E-7DC427FAF152}"
EndProject
Project("{FAE04EC0-301F-11D3-BF4B-00C04F79EFBC}") = "Gatekeeper.Demo.Client", "Gatekeeper.Demo.Client\Gatekeeper.Demo.Client.csproj", "{4E46B475-9793-4F95-8688-671DE5E17A6A}"
EndProject
Global
	GlobalSection(SolutionConfigurationPlatforms) = preSolution
		Debug|Any CPU = Debug|Any CPU
		Debug|x64 = Debug|x64
		Debug|x86 = Debug|x86
		Release|Any CPU = Release|Any CPU
		Release|x64 = Release|x64
		Release|x86 = Release|x86
	EndGlobalSection
	GlobalSection(ProjectConfigurationPlatforms) = postSolution
		{81083C57-D40C-4C44-8EF5-8FBD375200C8}.Debug|Any CPU.ActiveCfg = Debug|Any CPU
		{81083C57-D40C-4C44-8EF5-8FBD375200C8}.Debug|Any CPU.Build.0 = Debug|Any CPU
		{81083C57-D40C-4C44-8EF5-8FBD375200C8}.Debug|x64.ActiveCfg = Debug|Any CPU
		{81083C57-D40C-4C44-8EF5-8FBD375200C8}.Debug|x64.Build.0 = Debug|Any CPU
		{81083C57-D40C-4C44-8EF5-8FBD375200C8}.Debug|x86.ActiveCfg = Debug|Any CPU
		{81083C57-D40C-4C44-8EF5-8FBD375200C8}.Debug|x86.Build.0 = Debug|Any CPU
		{81083C57-D40C-4C44-8EF5-8FBD375200C8}.Release|Any CPU.ActiveCfg = Release|Any CPU
		{81083C57-D40C-4C44-8EF5-8FBD375200C8}.Release|Any CPU.Build.0 = Release|Any CPU
		{81083C57-D40C-4C44-8EF5-8FBD375200C8}.Release|x64.ActiveCfg = Release|Any CPU
		{81083C57-D40C-4C44-8EF5-8FBD375200C8}.Release|x64.Build.0 = Release|Any CPU
		{81083C57-D40C-4C44-8EF5-8FBD375200C8}.Release|x86.ActiveCfg = Release|Any CPU
		{81083C57-D40C-4C44-8EF5-8FBD375200C8}.Release|x86.Build.0 = Release|Any CPU
		{A2C53474-0776-4C49-B1F0-30C2616C7AEC}.Debug|Any CPU.ActiveCfg = Debug|Any CPU
		{A2C53474-0776-4C49-B1F0-30C2616C7AEC}.Debug|Any CPU.Build.0 = Debug|Any CPU
		{A2C53474-0776-4C49-B1F0-30C2616C7AEC}.Debug|x64.ActiveCfg = Debug|Any CPU
		{A2C53474-0776-4C49-B1F0-30C2616C7AEC}.Debug|x64.Build.0 = Debug|Any CPU
		{A2C53474-0776-4C49-B1F0-30C2616C7AEC}.Debug|x86.ActiveCfg = Debug|Any CPU
		{A2C53474-0776-4C49-B1F0-30C2616C7AEC}.Debug|x86.Build.0 = Debug|Any CPU
		{A2C53474-0776-4C49-B1F0-30C2616C7AEC}.Release|Any CPU.ActiveCfg = Release|Any CPU
		{A2C53474-0776-4C49-B1F0-30C2616C7AEC}.Release|Any CPU.Build.0 = Release|Any CPU
		{A2C53474-0776-4C49-B1F0-30C2616C7AEC}.Release|x64.ActiveCfg = Release|Any CPU
		{A2C53474-0776-4C49-B1F0-30C2616C7AEC}.Release|x64.Build.0 = Release|Any CPU
		{A2C53474-0776-4C49-B1F0-30C2616C7AEC}.Release|x86.ActiveCfg = Release|Any CPU
		{A2C53474-0776-4C49-B1F0-30C2616C7AEC}.Release|x86.Build.0 = Release|Any CPU
		{DA1F0CDA-3234-4DCC-A04A-9B05D8E164C6}.Debug|Any CPU.ActiveCfg = Debug|Any CPU
		{DA1F0CDA-3234-4DCC-A04A-9B05D8E164C6}.Debug|Any CPU.Build.0 = Debug|Any CPU
		{DA1F0CDA-3234-4DCC-A04A-9B05D8E164C6}.Debug|x64.ActiveCfg = Debug|Any CPU
		{DA1F0CDA-3234-4DCC-A04A-9B05D8E164C6}.Debug|x64.Build.0 = Debug|Any CPU
		{DA1F0CDA-3234-4DCC-A04A-9B05D8E164C6}.Debug|x86.ActiveCfg = Debug|Any CPU
		{DA1F0CDA-3234-4DCC-A04A-9B05D8E164C6}.Debug|x86.Build.0 = Debug|Any CPU
		{DA1F0CDA-3234-4DCC-A04A-9B05D8E164C6}.Release|Any CPU.ActiveCfg = Release|Any CPU
		{DA1F0CDA-3234-4DCC-A04A-9B05D8E164C6}.Release|Any CPU.Build.0 = Release|Any CPU
		{DA1F0CDA-3234-4DCC-A04A-9B05D8E164C6}.Release|x64.ActiveCfg = Release|Any CPU
		{DA1F0CDA-3234-4DCC-A04A-9B05D8E164C6}.Release|x64.Build.0 = Release|Any CPU
		{DA1F0CDA-3234-4DCC-A04A-9B05D8E164C6}.Release|x86.ActiveCfg = Release|Any CPU
		{DA1F0CDA-3234-4DCC-A04A-9B05D8E164C6}.Release|x86.Build.0 = Release|Any CPU
		{BDC17A9E-6267-42D1-ABD0-C6656D34E47E}.Debug|Any CPU.ActiveCfg = Debug|Any CPU
		{BDC17A9E-6267-42D1-ABD0-C6656D34E47E}.Debug|Any CPU.Build.0 = Debug|Any CPU
		{BDC17A9E-6267-42D1-ABD0-C6656D34E47E}.Debug|x64.ActiveCfg = Debug|Any CPU
		{BDC17A9E-6267-42D1-ABD0-C6656D34E47E}.Debug|x64.Build.0 = Debug|Any CPU
		{BDC17A9E-6267-42D1-ABD0-C6656D34E47E}.Debug|x86.ActiveCfg = Debug|Any CPU
		{BDC17A9E-6267-42D1-ABD0-C6656D34E47E}.Debug|x86.Build.0 = Debug|Any CPU
		{BDC17A9E-6267-42D1-ABD0-C6656D34E47E}.Release|Any CPU.ActiveCfg = Release|Any CPU
		{BDC17A9E-6267-42D1-ABD0-C6656D34E47E}.Release|Any CPU.Build.0 = Release|Any CPU
		{BDC17A9E-6267-42D1-ABD0-C6656D34E47E}.Release|x64.ActiveCfg = Release|Any CPU
		{BDC17A9E-6267-42D1-ABD0-C6656D34E47E}.Release|x64.Build.0 = Release|Any CPU
		{BDC17A9E-6267-42D1-ABD0-C6656D34E47E}.Release|x86.ActiveCfg = Release|Any CPU
		{BDC17A9E-6267-42D1-ABD0-C6656D34E47E}.Release|x86.Build.0 = Release|Any CPU
		{8D9557F8-8FBE-4823-AA8E-7DC427FAF152}.Debug|Any CPU.ActiveCfg = Debug|Any CPU
		{8D9557F8-8FBE-4823-AA8E-7DC427FAF152}.Debug|Any CPU.Build.0 = Debug|Any CPU
		{8D9557F8-8FBE-4823-AA8E-7DC427FAF152}.Debug|x64.ActiveCfg = Debug|Any CPU
		{8D9557F8-8FBE-4823-AA8E-7DC427FAF152}.Debug|x64.Build.0 = Debug|Any CPU
		{8D9557F8-8FBE-4823-AA8E-7DC427FAF152}.Debug|x86.ActiveCfg = Debug|Any CPU
		{8D9557F8-8FBE-4823-AA8E-7DC427FAF152}.Debug|x86.Build.0 = Debug|Any CPU
		{8D9557F8-8FBE-4823-AA8E-7DC427FAF152}.Release|Any CPU.ActiveCfg = Release|Any CPU
		{8D9557F8-8FBE-4823-AA8E-7DC427FAF152}.Release|Any CPU.Build.0 = Release|Any CPU
		{8D9557F8-8FBE-4823-AA8E-7DC427FAF152}.Release|x64.ActiveCfg = Release|Any CPU
		{8D9557F8-8FBE-4823-AA8E-7DC427FAF152}.Release|x64.Build.0 = Release|Any CPU
		{8D9557F8-8FBE-4823-AA8E-7DC427FAF152}.Release|x86.ActiveCfg = Release|Any CPU
		{8D9557F8-8FBE-4823-AA8E-7DC427FAF152}.Release|x86.Build.0 = Release|Any CPU
		{4E46B475-9793-4F95-8688-671DE5E17A6A}.Debug|Any CPU.ActiveCfg = Debug|Any CPU
		{4E46B475-9793-4F95-8688-671DE5E17A6A}.Debug|Any CPU.Build.0 = Debug|Any CPU
		{4E46B475-9793-4F95-8688-671DE5E17A6A}.Debug|x64.ActiveCfg = Debug|Any CPU
		{4E46B475-9793-4F95-8688-671DE5E17A6A}.Debug|x64.Build.0 = Debug|Any CPU
		{4E46B475-9793-4F95-8688-671DE5E17A6A}.Debug|x86.ActiveCfg = Debug|Any CPU
		{4E46B475-9793-4F95-8688-671DE5E17A6A}.Debug|x86.Build.0 = Debug|Any CPU
		{4E46B475-9793-4F95-8688-671DE5E17A6A}.Release|Any CPU.ActiveCfg = Release|Any CPU
		{4E46B475-9793-4F95-8688-671DE5E17A6A}.Release|Any CPU.Build.0 = Release|Any CPU
		{4E46B475-9793-4F95-8688-671DE5E17A6A}.Release|x64.ActiveCfg = Release|Any CPU
		{4E46B475-9793-4F95-8688-671DE5E17A6A}.Release|x64.Build.0 = Release|Any CPU
		{4E46B475-9793-4F95-8688-671DE5E17A6A}.Release|x86.ActiveCfg = Release|Any CPU
		{4E46B475-9793-4F95-8688-671DE5E17A6A}.Release|x86.Build.0 = Release|Any CPU
	EndGlobalSection
	GlobalSection(SolutionProperties) = preSolution
		HideSolutionNode = FALSE
	EndGlobalSection
	GlobalSection(ExtensibilityGlobals) = postSolution
		SolutionGuid = {923ADFD5-2C1D-410F-AF6E-E540EE628C83}
	EndGlobalSection
EndGlobal
